{
    "requires": true,
    "lockfileVersion": 1,
    "dependencies": {
        "sweetalert2": {
            "version": "11.1.4",
            "resolved": "https://registry.npmjs.org/sweetalert2/-/sweetalert2-11.1.4.tgz",
            "integrity": "sha512-CTNLviF6w1wyh1ou2UY8RpZasV2RiXbO6489v+a1Swz4jrUyuFDDjMZ9tMMVFnxTMdiUGfYiJoFUniZbHSEnHw=="
        }
    }
}
